// !$*UTF8*$!
{
	archiveVersion = 1;
	classes = {
	};
	objectVersion = 46;
	objects = {

/* Begin PBXBuildFile section */
		BF53F8241C5064A5002F0DB0 /* AppDelegate.swift in Sources */ = {isa = PBXBuildFile; fileRef = BF53F8231C5064A5002F0DB0 /* AppDelegate.swift */; };
		BF53F8261C5064A5002F0DB0 /* Assets.xcassets in Resources */ = {isa = PBXBuildFile; fileRef = BF53F8251C5064A5002F0DB0 /* Assets.xcassets */; };
		BF53F8291C5064A5002F0DB0 /* MainMenu.xib in Resources */ = {isa = PBXBuildFile; fileRef = BF53F8271C5064A5002F0DB0 /* MainMenu.xib */; };
/* End PBXBuildFile section */

/* Begin PBXFileReference section */
		BF53F8201C5064A5002F0DB0 /* doorbell.app */ = {isa = PBXFileReference; explicitFileType = wrapper.application; includeInIndex = 0; path = doorbell.app; sourceTree = BUILT_PRODUCTS_DIR; };
		BF53F8231C5064A5002F0DB0 /* AppDelegate.swift */ = {isa = PBXFileReference; lastKnownFileType = sourcecode.swift; path = AppDelegate.swift; sourceTree = "<group>"; };
		BF53F8251C5064A5002F0DB0 /* Assets.xcassets */ = {isa = PBXFileReference; lastKnownFileType = folder.assetcatalog; path = Assets.xcassets; sourceTree = "<group>"; };
		BF53F8281C5064A5002F0DB0 /* Base */ = {isa = PBXFileReference; lastKnownFileType = file.xib; name = Base; path = Base.lproj/MainMenu.xib; sourceTree = "<group>"; };
		BF53F82A1C5064A5002F0DB0 /* Info.plist */ = {isa = PBXFileReference; lastKnownFileType = text.plist.xml; path = Info.plist; sourceTree = "<group>"; };
/* End PBXFileReference section */

/* Begin PBXFrameworksBuildPhase section */
		BF53F81D1C5064A5002F0DB0 /* Frameworks */ = {
			isa = PBXFrameworksBuildPhase;
			buildActionMask = 2147483647;
			files = (
			);
			runOnlyForDeploymentPostprocessing = 0;
		};
/* End PBXFrameworksBuildPhase section */

/* Begin PBXGroup section */
		BF53F8171C5064A5002F0DB0 = {
			isa = PBXGroup;
			children = (
				BF53F8221C5064A5002F0DB0 /* doorbell */,
				BF53F8211C5064A5002F0DB0 /* Products */,
			);
			sourceTree = "<group>";
		};
		BF53F8211C5064A5002F0DB0 /* Products */ = {
			isa = PBXGroup;
			children = (
				BF53F8201C5064A5002F0DB0 /* doorbell.app */,
			);
			name = Products;
			sourceTree = "<group>";
		};
		BF53F8221C5064A5002F0DB0 /* doorbell */ = {
			isa = PBXGroup;
			children = (
				BF53F8231C5064A5002F0DB0 /* AppDelegate.swift */,
				BF53F8251C5064A5002F0DB0 /* Assets.xcassets */,
				BF53F8271C5064A5002F0DB0 /* MainMenu.xib */,
				BF53F82A1C5064A5002F0DB0 /* Info.plist */,
			);
			path = doorbell;
			sourceTree = "<group>";
		};
/* End PBXGroup section */

/* Begin PBXNativeTarget section */
		BF53F81F1C5064A5002F0DB0 /* doorbell */ = {
			isa = PBXNativeTarget;
			buildConfigurationList = BF53F82D1C5064A5002F0DB0 /* Build configuration list for PBXNativeTarget "doorbell" */;
			buildPhases = (
				BF53F81C1C5064A5002F0DB0 /* Sources */,
				BF53F81D1C5064A5002F0DB0 /* Frameworks */,
				BF53F81E1C5064A5002F0DB0 /* Resources */,
			);
			buildRules = (
			);
			dependencies = (
			);
			name = doorbell;
			productName = doorbell;
			productReference = BF53F8201C5064A5002F0DB0 /* doorbell.app */;
			productType = "com.apple.product-type.application";
		};
/* End PBXNativeTarget section */

/* Begin PBXProject section */
		BF53F8181C5064A5002F0DB0 /* Project object */ = {
			isa = PBXProject;
			attributes = {
				LastUpgradeCheck = 0700;
				ORGANIZATIONNAME = "Lex Chou";
				TargetAttributes = {
					BF53F81F1C5064A5002F0DB0 = {
						CreatedOnToolsVersion = 7.0.1;
					};
				};
			};
			buildConfigurationList = BF53F81B1C5064A5002F0DB0 /* Build configuration list for PBXProject "doorbell" */;
			compatibilityVersion = "Xcode 3.2";
			developmentRegion = English;
			hasScannedForEncodings = 0;
			knownRegions = (
				en,
				Base,
			);
			mainGroup = BF53F8171C5064A5002F0DB0;
			productRefGroup = BF53F8211C5064A5002F0DB0 /* Products */;
			projectDirPath = "";
			projectRoot = "";
			targets = (
				BF53F81F1C5064A5002F0DB0 /* doorbell */,
			);
		};
/* End PBXProject section */

/* Begin PBXResourcesBuildPhase section */
		BF53F81E1C5064A5002F0DB0 /* Resources */ = {
			isa = PBXResourcesBuildPhase;
			buildActionMask = 2147483647;
			files = (
				BF53F8261C5064A5002F0DB0 /* Assets.xcassets in Resources */,
				BF53F8291C5064A5002F0DB0 /* MainMenu.xib in Resources */,
			);
			runOnlyForDeploymentPostprocessing = 0;
		};
/* End PBXResourcesBuildPhase section */

/* Begin PBXSourcesBuildPhase section */
		BF53F81C1C5064A5002F0DB0 /* Sources */ = {
			isa = PBXSourcesBuildPhase;
			buildActionMask = 2147483647;
			files = (
				BF53F8241C5064A5002F0DB0 /* AppDelegate.swift in Sources */,
			);
			runOnlyForDeploymentPostprocessing = 0;
		};
/* End PBXSourcesBuildPhase section */

/* Begin PBXVariantGroup section */
		BF53F8271C5064A5002F0DB0 /* MainMenu.xib */ = {
			isa = PBXVariantGroup;
			children = (
				BF53F8281C5064A5002F0DB0 /* Base */,
			);
			name = MainMenu.xib;
			sourceTree = "<group>";
		};
/* End PBXVariantGroup section */

/* Begin XCBuildConfiguration section */
		BF53F82B1C5064A5002F0DB0 /* Debug */ = {
			isa = XCBuildConfiguration;
			buildSettings = {
				ALWAYS_SEARCH_USER_PATHS = NO;
				CLANG_CXX_LANGUAGE_STANDARD = "gnu++0x";
				CLANG_CXX_LIBRARY = "libc++";
				CLANG_ENABLE_MODULES = YES;
				CLANG_ENABLE_OBJC_ARC = YES;
				CLANG_WARN_BOOL_CONVERSION = YES;
				CLANG_WARN_CONSTANT_CONVERSION = YES;
				CLANG_WARN_DIRECT_OBJC_ISA_USAGE = YES_ERROR;
				CLANG_WARN_EMPTY_BODY = YES;
				CLANG_WARN_ENUM_CONVERSION = YES;
				CLANG_WARN_INT_CONVERSION = YES;
				CLANG_WARN_OBJC_ROOT_CLASS = YES_ERROR;
				CLANG_WARN_UNREACHABLE_CODE = YES;
				CLANG_WARN__DUPLICATE_METHOD_MATCH = YES;
				CODE_SIGN_IDENTITY = "-";
				COPY_PHASE_STRIP = NO;
				DEBUG_INFORMATION_FORMAT = dwarf;
				ENABLE_STRICT_OBJC_MSGSEND = YES;
				ENABLE_TESTABILITY = YES;
				GCC_C_LANGUAGE_STANDARD = gnu99;
				GCC_DYNAMIC_NO_PIC = NO;
				GCC_NO_COMMON_BLOCKS = YES;
				GCC_OPTIMIZATION_LEVEL = 0;
				GCC_PREPROCESSOR_DEFINITIONS = (
					"DEBUG=1",
					"$(inherited)",
				);
				GCC_WARN_64_TO_32_BIT_CONVERSION = YES;
				GCC_WARN_ABOUT_RETURN_TYPE = YES_ERROR;
				GCC_WARN_UNDECLARED_SELECTOR = YES;
				GCC_WARN_UNINITIALIZED_AUTOS = YES_AGGRESSIVE;
				GCC_WARN_UNUSED_FUNCTION = YES;
				GCC_WARN_UNUSED_VARIABLE = YES;
				MACOSX_DEPLOYMENT_TARGET = 10.10;
				MTL_ENABLE_DEBUG_INFO = YES;
				ONLY_ACTIVE_ARCH = YES;
				SDKROOT = macosx;
				SWIFT_OPTIMIZATION_LEVEL = "-Onone";
			};
			name = Debug;
		};
		BF53F82C1C5064A5002F0DB0 /* Release */ = {
			isa = XCBuildConfiguration;
			buildSettings = {
				ALWAYS_SEARCH_USER_PATHS = NO;
				CLANG_CXX_LANGUAGE_STANDARD = "gnu++0x";
				CLANG_CXX_LIBRARY = "libc++";
				CLANG_ENABLE_MODULES = YES;
				CLANG_ENABLE_OBJC_ARC = YES;
				CLANG_WARN_BOOL_CONVERSION = YES;
				CLANG_WARN_CONSTANT_CONVERSION = YES;
				CLANG_WARN_DIRECT_OBJC_ISA_USAGE = YES_ERROR;
				CLANG_WARN_EMPTY_BODY = YES;
				CLANG_WARN_ENUM_CONVERSION = YES;
				CLANG_WARN_INT_CONVERSION = YES;
				CLANG_WARN_OBJC_ROOT_CLASS = YES_ERROR;
				CLANG_WARN_UNREACHABLE_CODE = YES;
				CLANG_WARN__DUPLICATE_METHOD_MATCH = YES;
				CODE_SIGN_IDENTITY = "-";
				COPY_PHASE_STRIP = NO;
				DEBUG_INFORMATION_FORMAT = "dwarf-with-dsym";
				ENABLE_NS_ASSERTIONS = NO;
				ENABLE_STRICT_OBJC_MSGSEND = YES;
				GCC_C_LANGUAGE_STANDARD = gnu99;
				GCC_NO_COMMON_BLOCKS = YES;
				GCC_WARN_64_TO_32_BIT_CONVERSION = YES;
				GCC_WARN_ABOUT_RETURN_TYPE = YES_ERROR;
				GCC_WARN_UNDECLARED_SELECTOR = YES;
				GCC_WARN_UNINITIALIZED_AUTOS = YES_AGGRESSIVE;
				GCC_WARN_UNUSED_FUNCTION = YES;
				GCC_WARN_UNUSED_VARIABLE = YES;
				MACOSX_DEPLOYMENT_TARGET = 10.10;
				MTL_ENABLE_DEBUG_INFO = NO;
				SDKROOT = macosx;
			};
			name = Release;
		};
		BF53F82E1C5064A5002F0DB0 /* Debug */ = {
			isa = XCBuildConfiguration;
			buildSettings = {
				ASSETCATALOG_COMPILER_APPICON_NAME = AppIcon;
				COMBINE_HIDPI_IMAGES = YES;
				INFOPLIST_FILE = doorbell/Info.plist;
				LD_RUNPATH_SEARCH_PATHS = "$(inherited) @executable_path/../Frameworks";
				PRODUCT_BUNDLE_IDENTIFIER = lexoft.doorbell;
				PRODUCT_NAME = "$(TARGET_NAME)";
			};
			name = Debug;
		};
		BF53F82F1C5064A5002F0DB0 /* Release */ = {
			isa = XCBuildConfiguration;
			buildSettings = {
				ASSETCATALOG_COMPILER_APPICON_NAME = AppIcon;
				COMBINE_HIDPI_IMAGES = YES;
				INFOPLIST_FILE = doorbell/Info.plist;
				LD_RUNPATH_SEARCH_PATHS = "$(inherited) @executable_path/../Frameworks";
				PRODUCT_BUNDLE_IDENTIFIER = lexoft.doorbell;
				PRODUCT_NAME = "$(TARGET_NAME)";
			};
			name = Release;
		};
/* End XCBuildConfiguration section */

/* Begin XCConfigurationList section */
		BF53F81B1C5064A5002F0DB0 /* Build configuration list for PBXProject "doorbell" */ = {
			isa = XCConfigurationList;
			buildConfigurations = (
				BF53F82B1C5064A5002F0DB0 /* Debug */,
				BF53F82C1C5064A5002F0DB0 /* Release */,
			);
			defaultConfigurationIsVisible = 0;
			defaultConfigurationName = Release;
		};
		BF53F82D1C5064A5002F0DB0 /* Build configuration list for PBXNativeTarget "doorbell" */ = {
			isa = XCConfigurationList;
			buildConfigurations = (
				BF53F82E1C5064A5002F0DB0 /* Debug */,
				BF53F82F1C5064A5002F0DB0 /* Release */,
			);
			defaultConfigurationIsVisible = 0;
		};
/* End XCConfigurationList section */
	};
	rootObject = BF53F8181C5064A5002F0DB0 /* Project object */;
}
